github.com/ebitengine/oto/v3 v3.1.0 h1:9tChG6rizyeR2w3vsygTTTVVJ9QMMyu00m2yBOCch6U=
github.com/ebitengine/oto/v3 v3.1.0/go.mod h1:IK1QTnlfZK2GIB6ziyECm433hAdTaPpOsGMLhEyEGTg=
github.com/ebitengine/purego v0.6.0-alpha.2 h1:lYSvMtNBEjNGAzqPC5WP7bHUOxkFU3L+JZMdxK7krkw=
github.com/ebitengine/purego v0.6.0-alpha.2/go.mod h1:ah1In8AOtksoNK6yk5z1HTJeUkC1Ez4Wk2idgGslMwQ=
github.com/tosone/minimp3 v1.0.2 h1:htFE2EbP7Y4CJ8KGW9c55tKWRpzv9kXkEmCYGxFzVjA=
github.com/tosone/minimp3 v1.0.2/go.mod h1:N6vjknGR7PboMTyJVhe/7RHNQiIc0jWZxFKlSWdfzwc=
golang.org/x/sys v0.12.0 h1:CM0HF96J0hcLAwsHPJZjfdNzs0gftsLfgKt57wWHJ0o=
golang.org/x/sys v0.12.0/go.mod h1:oPkhp1MJrh7nUepCBck5+mAzfO9JrbApNNgaTdGDITg=
